// !$*UTF8*$!
{
	archiveVersion = 1;
	classes = {
	};
	objectVersion = 50;
	objects = {

/* Begin PBXBuildFile section */
		0B11E4B02610C34700ADE27A /* SharedMemesCollectionViewController.swift in Sources */ = {isa = PBXBuildFile; fileRef = 0B11E4AF2610C34700ADE27A /* SharedMemesCollectionViewController.swift */; };
		0B11E4B32610CB2600ADE27A /* SharedMemesTableViewController.swift in Sources */ = {isa = PBXBuildFile; fileRef = 0B11E4B22610CB2600ADE27A /* SharedMemesTableViewController.swift */; };
		0B11E4B62610CDFD00ADE27A /* SharedMemeCollectionCellViewController.swift in Sources */ = {isa = PBXBuildFile; fileRef = 0B11E4B52610CDFD00ADE27A /* SharedMemeCollectionCellViewController.swift */; };
		0B11E4B92610DE9000ADE27A /* SharedMemeViewController.swift in Sources */ = {isa = PBXBuildFile; fileRef = 0B11E4B82610DE9000ADE27A /* SharedMemeViewController.swift */; };
		0BB571C5260137B5004DB5AF /* Meme.swift in Sources */ = {isa = PBXBuildFile; fileRef = 0BB571C4260137B5004DB5AF /* Meme.swift */; };
		0BE1CF7A25FE852A00ED34AD /* impact.ttf in Resources */ = {isa = PBXBuildFile; fileRef = 0BE1CF7925FE852900ED34AD /* impact.ttf */; };
		0BE42EC725EB9B1100F6873A /* AppDelegate.swift in Sources */ = {isa = PBXBuildFile; fileRef = 0BE42EC625EB9B1100F6873A /* AppDelegate.swift */; };
		0BE42EC925EB9B1100F6873A /* SceneDelegate.swift in Sources */ = {isa = PBXBuildFile; fileRef = 0BE42EC825EB9B1100F6873A /* SceneDelegate.swift */; };
		0BE42ECB25EB9B1100F6873A /* MemeEditorViewController.swift in Sources */ = {isa = PBXBuildFile; fileRef = 0BE42ECA25EB9B1100F6873A /* MemeEditorViewController.swift */; };
		0BE42ECE25EB9B1100F6873A /* Main.storyboard in Resources */ = {isa = PBXBuildFile; fileRef = 0BE42ECC25EB9B1100F6873A /* Main.storyboard */; };
		0BE42ED025EB9B1300F6873A /* Assets.xcassets in Resources */ = {isa = PBXBuildFile; fileRef = 0BE42ECF25EB9B1300F6873A /* Assets.xcassets */; };
		0BE42ED325EB9B1300F6873A /* LaunchScreen.storyboard in Resources */ = {isa = PBXBuildFile; fileRef = 0BE42ED125EB9B1300F6873A /* LaunchScreen.storyboard */; };
/* End PBXBuildFile section */

/* Begin PBXFileReference section */
		0B11E4AF2610C34700ADE27A /* SharedMemesCollectionViewController.swift */ = {isa = PBXFileReference; lastKnownFileType = sourcecode.swift; path = SharedMemesCollectionViewController.swift; sourceTree = "<group>"; };
		0B11E4B22610CB2600ADE27A /* SharedMemesTableViewController.swift */ = {isa = PBXFileReference; lastKnownFileType = sourcecode.swift; path = SharedMemesTableViewController.swift; sourceTree = "<group>"; };
		0B11E4B52610CDFD00ADE27A /* SharedMemeCollectionCellViewController.swift */ = {isa = PBXFileReference; lastKnownFileType = sourcecode.swift; path = SharedMemeCollectionCellViewController.swift; sourceTree = "<group>"; };
		0B11E4B82610DE9000ADE27A /* SharedMemeViewController.swift */ = {isa = PBXFileReference; lastKnownFileType = sourcecode.swift; path = SharedMemeViewController.swift; sourceTree = "<group>"; };
		0BB571C4260137B5004DB5AF /* Meme.swift */ = {isa = PBXFileReference; lastKnownFileType = sourcecode.swift; path = Meme.swift; sourceTree = "<group>"; };
		0BE1CF7925FE852900ED34AD /* impact.ttf */ = {isa = PBXFileReference; lastKnownFileType = file; path = impact.ttf; sourceTree = "<group>"; };
		0BE42EC325EB9B1100F6873A /* MemeMe.app */ = {isa = PBXFileReference; explicitFileType = wrapper.application; includeInIndex = 0; path = MemeMe.app; sourceTree = BUILT_PRODUCTS_DIR; };
		0BE42EC625EB9B1100F6873A /* AppDelegate.swift */ = {isa = PBXFileReference; lastKnownFileType = sourcecode.swift; path = AppDelegate.swift; sourceTree = "<group>"; };
		0BE42EC825EB9B1100F6873A /* SceneDelegate.swift */ = {isa = PBXFileReference; lastKnownFileType = sourcecode.swift; path = SceneDelegate.swift; sourceTree = "<group>"; };
		0BE42ECA25EB9B1100F6873A /* MemeEditorViewController.swift */ = {isa = PBXFileReference; lastKnownFileType = sourcecode.swift; path = MemeEditorViewController.swift; sourceTree = "<group>"; };
		0BE42ECD25EB9B1100F6873A /* Base */ = {isa = PBXFileReference; lastKnownFileType = file.storyboard; name = Base; path = Base.lproj/Main.storyboard; sourceTree = "<group>"; };
		0BE42ECF25EB9B1300F6873A /* Assets.xcassets */ = {isa = PBXFileReference; lastKnownFileType = folder.assetcatalog; path = Assets.xcassets; sourceTree = "<group>"; };
		0BE42ED225EB9B1300F6873A /* Base */ = {isa = PBXFileReference; lastKnownFileType = file.storyboard; name = Base; path = Base.lproj/LaunchScreen.storyboard; sourceTree = "<group>"; };
		0BE42ED425EB9B1300F6873A /* Info.plist */ = {isa = PBXFileReference; lastKnownFileType = text.plist.xml; path = Info.plist; sourceTree = "<group>"; };
/* End PBXFileReference section */

/* Begin PBXFrameworksBuildPhase section */
		0BE42EC025EB9B1100F6873A /* Frameworks */ = {
			isa = PBXFrameworksBuildPhase;
			buildActionMask = 2147483647;
			files = (
			);
			runOnlyForDeploymentPostprocessing = 0;
		};
/* End PBXFrameworksBuildPhase section */

/* Begin PBXGroup section */
		0BE1CF7825FE84D400ED34AD /* fonts */ = {
			isa = PBXGroup;
			children = (
				0BE1CF7925FE852900ED34AD /* impact.ttf */,
			);
			path = fonts;
			sourceTree = "<group>";
		};
		0BE42EBA25EB9B1100F6873A = {
			isa = PBXGroup;
			children = (
				0BE42EC525EB9B1100F6873A /* MemeMe */,
				0BE42EC425EB9B1100F6873A /* Products */,
			);
			sourceTree = "<group>";
		};
		0BE42EC425EB9B1100F6873A /* Products */ = {
			isa = PBXGroup;
			children = (
				0BE42EC325EB9B1100F6873A /* MemeMe.app */,
			);
			name = Products;
			sourceTree = "<group>";
		};
		0BE42EC525EB9B1100F6873A /* MemeMe */ = {
			isa = PBXGroup;
			children = (
				0BE1CF7825FE84D400ED34AD /* fonts */,
				0BE42EC625EB9B1100F6873A /* AppDelegate.swift */,
				0BE42EC825EB9B1100F6873A /* SceneDelegate.swift */,
				0BE42ECA25EB9B1100F6873A /* MemeEditorViewController.swift */,
				0BE42ECC25EB9B1100F6873A /* Main.storyboard */,
				0BE42ECF25EB9B1300F6873A /* Assets.xcassets */,
				0BE42ED125EB9B1300F6873A /* LaunchScreen.storyboard */,
				0BE42ED425EB9B1300F6873A /* Info.plist */,
				0BB571C4260137B5004DB5AF /* Meme.swift */,
				0B11E4AF2610C34700ADE27A /* SharedMemesCollectionViewController.swift */,
				0B11E4B22610CB2600ADE27A /* SharedMemesTableViewController.swift */,
				0B11E4B52610CDFD00ADE27A /* SharedMemeCollectionCellViewController.swift */,
				0B11E4B82610DE9000ADE27A /* SharedMemeViewController.swift */,
			);
			path = MemeMe;
			sourceTree = "<group>";
		};
/* End PBXGroup section */

/* Begin PBXNativeTarget section */
		0BE42EC225EB9B1100F6873A /* MemeMe */ = {
			isa = PBXNativeTarget;
			buildConfigurationList = 0BE42ED725EB9B1300F6873A /* Build configuration list for PBXNativeTarget "MemeMe" */;
			buildPhases = (
				0BE42EBF25EB9B1100F6873A /* Sources */,
				0BE42EC025EB9B1100F6873A /* Frameworks */,
				0BE42EC125EB9B1100F6873A /* Resources */,
			);
			buildRules = (
			);
			dependencies = (
			);
			name = MemeMe;
			productName = MemeMe;
			productReference = 0BE42EC325EB9B1100F6873A /* MemeMe.app */;
			productType = "com.apple.product-type.application";
		};
/* End PBXNativeTarget section */

/* Begin PBXProject section */
		0BE42EBB25EB9B1100F6873A /* Project object */ = {
			isa = PBXProject;
			attributes = {
				LastSwiftUpdateCheck = 1240;
				LastUpgradeCheck = 1240;
				TargetAttributes = {
					0BE42EC225EB9B1100F6873A = {
						CreatedOnToolsVersion = 12.4;
					};
				};
			};
			buildConfigurationList = 0BE42EBE25EB9B1100F6873A /* Build configuration list for PBXProject "MemeMe" */;
			compatibilityVersion = "Xcode 9.3";
			developmentRegion = en;
			hasScannedForEncodings = 0;
			knownRegions = (
				en,
				Base,
			);
			mainGroup = 0BE42EBA25EB9B1100F6873A;
			productRefGroup = 0BE42EC425EB9B1100F6873A /* Products */;
			projectDirPath = "";
			projectRoot = "";
			targets = (
				0BE42EC225EB9B1100F6873A /* MemeMe */,
			);
		};
/* End PBXProject section */

/* Begin PBXResourcesBuildPhase section */
		0BE42EC125EB9B1100F6873A /* Resources */ = {
			isa = PBXResourcesBuildPhase;
			buildActionMask = 2147483647;
			files = (
				0BE1CF7A25FE852A00ED34AD /* impact.ttf in Resources */,
				0BE42ED325EB9B1300F6873A /* LaunchScreen.storyboard in Resources */,
				0BE42ED025EB9B1300F6873A /* Assets.xcassets in Resources */,
				0BE42ECE25EB9B1100F6873A /* Main.storyboard in Resources */,
			);
			runOnlyForDeploymentPostprocessing = 0;
		};
/* End PBXResourcesBuildPhase section */

/* Begin PBXSourcesBuildPhase section */
		0BE42EBF25EB9B1100F6873A /* Sources */ = {
			isa = PBXSourcesBuildPhase;
			buildActionMask = 2147483647;
			files = (
				0BE42ECB25EB9B1100F6873A /* MemeEditorViewController.swift in Sources */,
				0BB571C5260137B5004DB5AF /* Meme.swift in Sources */,
				0BE42EC725EB9B1100F6873A /* AppDelegate.swift in Sources */,
				0B11E4B92610DE9000ADE27A /* SharedMemeViewController.swift in Sources */,
				0B11E4B02610C34700ADE27A /* SharedMemesCollectionViewController.swift in Sources */,
				0B11E4B32610CB2600ADE27A /* SharedMemesTableViewController.swift in Sources */,
				0B11E4B62610CDFD00ADE27A /* SharedMemeCollectionCellViewController.swift in Sources */,
				0BE42EC925EB9B1100F6873A /* SceneDelegate.swift in Sources */,
			);
			runOnlyForDeploymentPostprocessing = 0;
		};
/* End PBXSourcesBuildPhase section */

/* Begin PBXVariantGroup section */
		0BE42ECC25EB9B1100F6873A /* Main.storyboard */ = {
			isa = PBXVariantGroup;
			children = (
				0BE42ECD25EB9B1100F6873A /* Base */,
			);
			name = Main.storyboard;
			sourceTree = "<group>";
		};
		0BE42ED125EB9B1300F6873A /* LaunchScreen.storyboard */ = {
			isa = PBXVariantGroup;
			children = (
				0BE42ED225EB9B1300F6873A /* Base */,
			);
			name = LaunchScreen.storyboard;
			sourceTree = "<group>";
		};
/* End PBXVariantGroup section */

/* Begin XCBuildConfiguration section */
		0BE42ED525EB9B1300F6873A /* Debug */ = {
			isa = XCBuildConfiguration;
			buildSettings = {
				ALWAYS_SEARCH_USER_PATHS = NO;
				CLANG_ANALYZER_NONNULL = YES;
				CLANG_ANALYZER_NUMBER_OBJECT_CONVERSION = YES_AGGRESSIVE;
				CLANG_CXX_LANGUAGE_STANDARD = "gnu++14";
				CLANG_CXX_LIBRARY = "libc++";
				CLANG_ENABLE_MODULES = YES;
				CLANG_ENABLE_OBJC_ARC = YES;
				CLANG_ENABLE_OBJC_WEAK = YES;
				CLANG_WARN_BLOCK_CAPTURE_AUTORELEASING = YES;
				CLANG_WARN_BOOL_CONVERSION = YES;
				CLANG_WARN_COMMA = YES;
				CLANG_WARN_CONSTANT_CONVERSION = YES;
				CLANG_WARN_DEPRECATED_OBJC_IMPLEMENTATIONS = YES;
				CLANG_WARN_DIRECT_OBJC_ISA_USAGE = YES_ERROR;
				CLANG_WARN_DOCUMENTATION_COMMENTS = YES;
				CLANG_WARN_EMPTY_BODY = YES;
				CLANG_WARN_ENUM_CONVERSION = YES;
				CLANG_WARN_INFINITE_RECURSION = YES;
				CLANG_WARN_INT_CONVERSION = YES;
				CLANG_WARN_NON_LITERAL_NULL_CONVERSION = YES;
				CLANG_WARN_OBJC_IMPLICIT_RETAIN_SELF = YES;
				CLANG_WARN_OBJC_LITERAL_CONVERSION = YES;
				CLANG_WARN_OBJC_ROOT_CLASS = YES_ERROR;
				CLANG_WARN_QUOTED_INCLUDE_IN_FRAMEWORK_HEADER = YES;
				CLANG_WARN_RANGE_LOOP_ANALYSIS = YES;
				CLANG_WARN_STRICT_PROTOTYPES = YES;
				CLANG_WARN_SUSPICIOUS_MOVE = YES;
				CLANG_WARN_UNGUARDED_AVAILABILITY = YES_AGGRESSIVE;
				CLANG_WARN_UNREACHABLE_CODE = YES;
				CLANG_WARN__DUPLICATE_METHOD_MATCH = YES;
				COPY_PHASE_STRIP = NO;
				DEBUG_INFORMATION_FORMAT = dwarf;
				ENABLE_STRICT_OBJC_MSGSEND = YES;
				ENABLE_TESTABILITY = YES;
				GCC_C_LANGUAGE_STANDARD = gnu11;
				GCC_DYNAMIC_NO_PIC = NO;
				GCC_NO_COMMON_BLOCKS = YES;
				GCC_OPTIMIZATION_LEVEL = 0;
				GCC_PREPROCESSOR_DEFINITIONS = (
					"DEBUG=1",
					"$(inherited)",
				);
				GCC_WARN_64_TO_32_BIT_CONVERSION = YES;
				GCC_WARN_ABOUT_RETURN_TYPE = YES_ERROR;
				GCC_WARN_UNDECLARED_SELECTOR = YES;
				GCC_WARN_UNINITIALIZED_AUTOS = YES_AGGRESSIVE;
				GCC_WARN_UNUSED_FUNCTION = YES;
				GCC_WARN_UNUSED_VARIABLE = YES;
				IPHONEOS_DEPLOYMENT_TARGET = 14.4;
				MTL_ENABLE_DEBUG_INFO = INCLUDE_SOURCE;
				MTL_FAST_MATH = YES;
				ONLY_ACTIVE_ARCH = YES;
				SDKROOT = iphoneos;
				SWIFT_ACTIVE_COMPILATION_CONDITIONS = DEBUG;
				SWIFT_OPTIMIZATION_LEVEL = "-Onone";
			};
			name = Debug;
		};
		0BE42ED625EB9B1300F6873A /* Release */ = {
			isa = XCBuildConfiguration;
			buildSettings = {
				ALWAYS_SEARCH_USER_PATHS = NO;
				CLANG_ANALYZER_NONNULL = YES;
				CLANG_ANALYZER_NUMBER_OBJECT_CONVERSION = YES_AGGRESSIVE;
				CLANG_CXX_LANGUAGE_STANDARD = "gnu++14";
				CLANG_CXX_LIBRARY = "libc++";
				CLANG_ENABLE_MODULES = YES;
				CLANG_ENABLE_OBJC_ARC = YES;
				CLANG_ENABLE_OBJC_WEAK = YES;
				CLANG_WARN_BLOCK_CAPTURE_AUTORELEASING = YES;
				CLANG_WARN_BOOL_CONVERSION = YES;
				CLANG_WARN_COMMA = YES;
				CLANG_WARN_CONSTANT_CONVERSION = YES;
				CLANG_WARN_DEPRECATED_OBJC_IMPLEMENTATIONS = YES;
				CLANG_WARN_DIRECT_OBJC_ISA_USAGE = YES_ERROR;
				CLANG_WARN_DOCUMENTATION_COMMENTS = YES;
				CLANG_WARN_EMPTY_BODY = YES;
				CLANG_WARN_ENUM_CONVERSION = YES;
				CLANG_WARN_INFINITE_RECURSION = YES;
				CLANG_WARN_INT_CONVERSION = YES;
				CLANG_WARN_NON_LITERAL_NULL_CONVERSION = YES;
				CLANG_WARN_OBJC_IMPLICIT_RETAIN_SELF = YES;
				CLANG_WARN_OBJC_LITERAL_CONVERSION = YES;
				CLANG_WARN_OBJC_ROOT_CLASS = YES_ERROR;
				CLANG_WARN_QUOTED_INCLUDE_IN_FRAMEWORK_HEADER = YES;
				CLANG_WARN_RANGE_LOOP_ANALYSIS = YES;
				CLANG_WARN_STRICT_PROTOTYPES = YES;
				CLANG_WARN_SUSPICIOUS_MOVE = YES;
				CLANG_WARN_UNGUARDED_AVAILABILITY = YES_AGGRESSIVE;
				CLANG_WARN_UNREACHABLE_CODE = YES;
				CLANG_WARN__DUPLICATE_METHOD_MATCH = YES;
				COPY_PHASE_STRIP = NO;
				DEBUG_INFORMATION_FORMAT = "dwarf-with-dsym";
				ENABLE_NS_ASSERTIONS = NO;
				ENABLE_STRICT_OBJC_MSGSEND = YES;
				GCC_C_LANGUAGE_STANDARD = gnu11;
				GCC_NO_COMMON_BLOCKS = YES;
				GCC_WARN_64_TO_32_BIT_CONVERSION = YES;
				GCC_WARN_ABOUT_RETURN_TYPE = YES_ERROR;
				GCC_WARN_UNDECLARED_SELECTOR = YES;
				GCC_WARN_UNINITIALIZED_AUTOS = YES_AGGRESSIVE;
				GCC_WARN_UNUSED_FUNCTION = YES;
				GCC_WARN_UNUSED_VARIABLE = YES;
				IPHONEOS_DEPLOYMENT_TARGET = 14.4;
				MTL_ENABLE_DEBUG_INFO = NO;
				MTL_FAST_MATH = YES;
				SDKROOT = iphoneos;
				SWIFT_COMPILATION_MODE = wholemodule;
				SWIFT_OPTIMIZATION_LEVEL = "-O";
				VALIDATE_PRODUCT = YES;
			};
			name = Release;
		};
		0BE42ED825EB9B1300F6873A /* Debug */ = {
			isa = XCBuildConfiguration;
			buildSettings = {
				ASSETCATALOG_COMPILER_APPICON_NAME = AppIcon;
				ASSETCATALOG_COMPILER_GLOBAL_ACCENT_COLOR_NAME = AccentColor;
				CODE_SIGN_STYLE = Automatic;
				DEVELOPMENT_TEAM = RW77H92WYF;
				INFOPLIST_FILE = MemeMe/Info.plist;
				LD_RUNPATH_SEARCH_PATHS = (
					"$(inherited)",
					"@executable_path/Frameworks",
				);
				PRODUCT_BUNDLE_IDENTIFIER = RogaIKopyta.MemeMe;
				PRODUCT_NAME = "$(TARGET_NAME)";
				SWIFT_VERSION = 5.0;
				TARGETED_DEVICE_FAMILY = "1,2";
			};
			name = Debug;
		};
		0BE42ED925EB9B1300F6873A /* Release */ = {
			isa = XCBuildConfiguration;
			buildSettings = {
				ASSETCATALOG_COMPILER_APPICON_NAME = AppIcon;
				ASSETCATALOG_COMPILER_GLOBAL_ACCENT_COLOR_NAME = AccentColor;
				CODE_SIGN_STYLE = Automatic;
				DEVELOPMENT_TEAM = RW77H92WYF;
				INFOPLIST_FILE = MemeMe/Info.plist;
				LD_RUNPATH_SEARCH_PATHS = (
					"$(inherited)",
					"@executable_path/Frameworks",
				);
				PRODUCT_BUNDLE_IDENTIFIER = RogaIKopyta.MemeMe;
				PRODUCT_NAME = "$(TARGET_NAME)";
				SWIFT_VERSION = 5.0;
				TARGETED_DEVICE_FAMILY = "1,2";
			};
			name = Release;
		};
/* End XCBuildConfiguration section */

/* Begin XCConfigurationList section */
		0BE42EBE25EB9B1100F6873A /* Build configuration list for PBXProject "MemeMe" */ = {
			isa = XCConfigurationList;
			buildConfigurations = (
				0BE42ED525EB9B1300F6873A /* Debug */,
				0BE42ED625EB9B1300F6873A /* Release */,
			);
			defaultConfigurationIsVisible = 0;
			defaultConfigurationName = Release;
		};
		0BE42ED725EB9B1300F6873A /* Build configuration list for PBXNativeTarget "MemeMe" */ = {
			isa = XCConfigurationList;
			buildConfigurations = (
				0BE42ED825EB9B1300F6873A /* Debug */,
				0BE42ED925EB9B1300F6873A /* Release */,
			);
			defaultConfigurationIsVisible = 0;
			defaultConfigurationName = Release;
		};
/* End XCConfigurationList section */
	};
	rootObject = 0BE42EBB25EB9B1100F6873A /* Project object */;
}
